# @generated - this file is auto-generated by `mise lock` https://mise.jdx.dev/dev-tools/mise-lock.html

lockfile_version = 1

[[tools.ast-grep]]
version = "0.45.2"
backend = "aqua:ast-grep/ast-grep"
specifiers = ["0.45"]

[tools.ast-grep."platforms.linux-arm64"]
checksum = "sha256:e67ee2f5928b4d77a472114edf6e227d90fefe22fa47e7a78db187c55d206564"
url = "https://github.com/ast-grep/ast-grep/releases/download/0.45.2/app-aarch64-unknown-linux-gnu.zip"
url_api = "https://api.github.com/repos/ast-grep/ast-grep/releases/assets/526582046"

[tools.ast-grep."platforms.linux-x64"]
checksum = "sha256:67aff72dd2994bf152fcc3a8a09cf93b13193abe59f39393095167c729af2015"
url = "https://github.com/ast-grep/ast-grep/releases/download/0.45.2/app-x86_64-unknown-linux-gnu.zip"
url_api = "https://api.github.com/repos/ast-grep/ast-grep/releases/assets/526581269"

[tools.ast-grep."platforms.macos-arm64"]
checksum = "sha256:1fc21214234bf6f5a3f841d5b2493a4fc4b6087f69b055c9ad5f94f77c0ab76e"
url = "https://github.com/ast-grep/ast-grep/releases/download/0.45.2/app-aarch64-apple-darwin.zip"
url_api = "https://api.github.com/repos/ast-grep/ast-grep/releases/assets/526581149"

[tools.ast-grep."platforms.macos-x64"]
checksum = "sha256:037e5b4a9aed2ba03a2b4710e4fe3439d5d1154d1266d5e8f9f6df7452169181"
url = "https://github.com/ast-grep/ast-grep/releases/download/0.45.2/app-x86_64-apple-darwin.zip"
url_api = "https://api.github.com/repos/ast-grep/ast-grep/releases/assets/526582632"

[tools.ast-grep."platforms.windows-x64"]
checksum = "sha256:e14c3e33c6813111a41b8e4307e13462ebb2fea783d17ae22fc50d32a04ea77d"
url = "https://github.com/ast-grep/ast-grep/releases/download/0.45.2/app-x86_64-pc-windows-msvc.zip"
url_api = "https://api.github.com/repos/ast-grep/ast-grep/releases/assets/526584448"

[[tools."github:gastownhall/beads"]]
version = "1.2.2"
backend = "github:gastownhall/beads"
specifiers = ["1.2.2"]

[tools."github:gastownhall/beads"."platforms.linux-arm64"]
checksum = "sha256:501f38a1070d4b9b3b6261a86a3c92c4a52366869021560430a4bb0036afd83a"
url = "https://github.com/gastownhall/beads/releases/download/v1.2.2/beads_1.2.2_linux_arm64.tar.gz"
url_api = "https://api.github.com/repos/gastownhall/beads/releases/assets/515294077"
provenance = "github-attestations"

[tools."github:gastownhall/beads"."platforms.linux-arm64-musl"]
checksum = "sha256:501f38a1070d4b9b3b6261a86a3c92c4a52366869021560430a4bb0036afd83a"
url = "https://github.com/gastownhall/beads/releases/download/v1.2.2/beads_1.2.2_linux_arm64.tar.gz"
url_api = "https://api.github.com/repos/gastownhall/beads/releases/assets/515294077"
provenance = "github-attestations"

[tools."github:gastownhall/beads"."platforms.linux-x64"]
checksum = "sha256:8140098a51d3b81d5548d1c5e6db1a2d9930e5d141efe2a4bff7d079c4d321e8"
url = "https://github.com/gastownhall/beads/releases/download/v1.2.2/beads_1.2.2_linux_amd64.tar.gz"
url_api = "https://api.github.com/repos/gastownhall/beads/releases/assets/515294021"
provenance = "github-attestations"
provenance_verified = true

[tools."github:gastownhall/beads"."platforms.linux-x64-musl"]
checksum = "sha256:8140098a51d3b81d5548d1c5e6db1a2d9930e5d141efe2a4bff7d079c4d321e8"
url = "https://github.com/gastownhall/beads/releases/download/v1.2.2/beads_1.2.2_linux_amd64.tar.gz"
url_api = "https://api.github.com/repos/gastownhall/beads/releases/assets/515294021"
provenance = "github-attestations"

[tools."github:gastownhall/beads"."platforms.macos-arm64"]
checksum = "sha256:2aa1245c666419900d2d6993a05049e92c40e0e601d19579cca5b07a7bb8021d"
url = "https://github.com/gastownhall/beads/releases/download/v1.2.2/beads_1.2.2_darwin_arm64.tar.gz"
url_api = "https://api.github.com/repos/gastownhall/beads/releases/assets/515302581"
provenance = "github-attestations"

[tools."github:gastownhall/beads"."platforms.macos-x64"]
checksum = "sha256:e192dcb60f0f48d9463cd3bcf425d41fc0a632080cf9a06153c97ce12368c4bb"
url = "https://github.com/gastownhall/beads/releases/download/v1.2.2/beads_1.2.2_darwin_amd64.tar.gz"
url_api = "https://api.github.com/repos/gastownhall/beads/releases/assets/515302725"
provenance = "github-attestations"

[tools."github:gastownhall/beads"."platforms.windows-x64"]
checksum = "sha256:1f00c29cd9599e182a4a4e829f5210daca2da14155920aee2836d8bc613b2feb"
url = "https://github.com/gastownhall/beads/releases/download/v1.2.2/beads_1.2.2_windows_amd64.zip"
url_api = "https://api.github.com/repos/gastownhall/beads/releases/assets/515294217"
provenance = "github-attestations"

[[tools."github:qltysh/qlty"]]
version = "0.642.0"
backend = "github:qltysh/qlty"
specifiers = ["0.642"]

[tools."github:qltysh/qlty"."platforms.linux-arm64"]
checksum = "sha256:700a86c930d64860baba2cb168a2a9778e4dc8e38dc941faf9d4d8b88d57da1d"
url = "https://github.com/qltysh/qlty/releases/download/v0.642.0/qlty-aarch64-unknown-linux-gnu.tar.xz"
url_api = "https://api.github.com/repos/qltysh/qlty/releases/assets/514936221"
provenance = "github-attestations"

[tools."github:qltysh/qlty"."platforms.linux-arm64-musl"]
checksum = "sha256:752c6f1faf22da236666e7e2fd661aaaf276ae3431c118382fb9a7f838a686c4"
url = "https://github.com/qltysh/qlty/releases/download/v0.642.0/qlty-aarch64-unknown-linux-musl.tar.xz"
url_api = "https://api.github.com/repos/qltysh/qlty/releases/assets/514936250"
provenance = "github-attestations"

[tools."github:qltysh/qlty"."platforms.linux-x64"]
checksum = "sha256:05e665112fdf8a3d7cdcf4879f6c7d989a6cacd5c527b1890ba68e9c2c5c1d2e"
url = "https://github.com/qltysh/qlty/releases/download/v0.642.0/qlty-x86_64-unknown-linux-gnu.tar.xz"
url_api = "https://api.github.com/repos/qltysh/qlty/releases/assets/514936271"
provenance = "github-attestations"
provenance_verified = true

[tools."github:qltysh/qlty"."platforms.linux-x64-musl"]
checksum = "sha256:55bca32d6ee8ae5e31d8e12696203fa24b106704a176e0e80655ec93abb25477"
url = "https://github.com/qltysh/qlty/releases/download/v0.642.0/qlty-x86_64-unknown-linux-musl.tar.xz"
url_api = "https://api.github.com/repos/qltysh/qlty/releases/assets/514936274"
provenance = "github-attestations"

[tools."github:qltysh/qlty"."platforms.macos-arm64"]
checksum = "sha256:b884e1dd05fac9a225130f9df5339ed4c0209d20f4947e58efa1f0e60a8094eb"
url = "https://github.com/qltysh/qlty/releases/download/v0.642.0/qlty-aarch64-apple-darwin.tar.xz"
url_api = "https://api.github.com/repos/qltysh/qlty/releases/assets/514936220"
provenance = "github-attestations"

[tools."github:qltysh/qlty"."platforms.macos-x64"]
checksum = "sha256:206a916d11b5437a778a3da83686487a75f15c89bf8db371605c407ecf975838"
url = "https://github.com/qltysh/qlty/releases/download/v0.642.0/qlty-x86_64-apple-darwin.tar.xz"
url_api = "https://api.github.com/repos/qltysh/qlty/releases/assets/514936261"
provenance = "github-attestations"

[tools."github:qltysh/qlty"."platforms.windows-x64"]
checksum = "sha256:ab80a508bd19447887931865ef78bbe58f044a78e8920a2d26b85d0c4ce185b1"
url = "https://github.com/qltysh/qlty/releases/download/v0.642.0/qlty-x86_64-pc-windows-msvc.zip"
url_api = "https://api.github.com/repos/qltysh/qlty/releases/assets/514936269"
provenance = "github-attestations"

[[tools.gitleaks]]
version = "8.30.1"
backend = "aqua:gitleaks/gitleaks"
specifiers = ["8.30"]

[tools.gitleaks."platforms.linux-arm64"]
checksum = "sha256:e4a487ee7ccd7d3a7f7ec08657610aa3606637dab924210b3aee62570fb4b080"
url = "https://github.com/gitleaks/gitleaks/releases/download/v8.30.1/gitleaks_8.30.1_linux_arm64.tar.gz"
url_api = "https://api.github.com/repos/gitleaks/gitleaks/releases/assets/378332057"

[tools.gitleaks."platforms.linux-arm64-musl"]
checksum = "sha256:e4a487ee7ccd7d3a7f7ec08657610aa3606637dab924210b3aee62570fb4b080"
url = "https://github.com/gitleaks/gitleaks/releases/download/v8.30.1/gitleaks_8.30.1_linux_arm64.tar.gz"
url_api = "https://api.github.com/repos/gitleaks/gitleaks/releases/assets/378332057"

[tools.gitleaks."platforms.linux-x64"]
checksum = "sha256:551f6fc83ea457d62a0d98237cbad105af8d557003051f41f3e7ca7b3f2470eb"
url = "https://github.com/gitleaks/gitleaks/releases/download/v8.30.1/gitleaks_8.30.1_linux_x64.tar.gz"
url_api = "https://api.github.com/repos/gitleaks/gitleaks/releases/assets/378332058"

[tools.gitleaks."platforms.linux-x64-musl"]
checksum = "sha256:551f6fc83ea457d62a0d98237cbad105af8d557003051f41f3e7ca7b3f2470eb"
url = "https://github.com/gitleaks/gitleaks/releases/download/v8.30.1/gitleaks_8.30.1_linux_x64.tar.gz"
url_api = "https://api.github.com/repos/gitleaks/gitleaks/releases/assets/378332058"

[tools.gitleaks."platforms.macos-arm64"]
checksum = "sha256:b40ab0ae55c505963e365f271a8d3846efbc170aa17f2607f13df610a9aeb6a5"
url = "https://github.com/gitleaks/gitleaks/releases/download/v8.30.1/gitleaks_8.30.1_darwin_arm64.tar.gz"
url_api = "https://api.github.com/repos/gitleaks/gitleaks/releases/assets/378332059"

[tools.gitleaks."platforms.macos-x64"]
checksum = "sha256:dfe101a4db2255fc85120ac7f3d25e4342c3c20cf749f2c20a18081af1952709"
url = "https://github.com/gitleaks/gitleaks/releases/download/v8.30.1/gitleaks_8.30.1_darwin_x64.tar.gz"
url_api = "https://api.github.com/repos/gitleaks/gitleaks/releases/assets/378332053"

[tools.gitleaks."platforms.windows-x64"]
checksum = "sha256:d29144deff3a68aa93ced33dddf84b7fdc26070add4aa0f4513094c8332afc4e"
url = "https://github.com/gitleaks/gitleaks/releases/download/v8.30.1/gitleaks_8.30.1_windows_x64.zip"
url_api = "https://api.github.com/repos/gitleaks/gitleaks/releases/assets/378333178"

[[tools.go]]
version = "1.26.7"
backend = "core:go"
specifiers = ["1.26"]

[tools.go."platforms.linux-arm64"]
checksum = "sha256:5a4ec883379d51ee9ce1040d5e87f8d35e20387574dd8c947feb01eabc3c1b37"
url = "https://dl.google.com/go/go1.26.7.linux-arm64.tar.gz"

[tools.go."platforms.linux-arm64-musl"]
checksum = "sha256:5a4ec883379d51ee9ce1040d5e87f8d35e20387574dd8c947feb01eabc3c1b37"
url = "https://dl.google.com/go/go1.26.7.linux-arm64.tar.gz"

[tools.go."platforms.linux-x64"]
checksum = "sha256:ffb5f8de10c62550dfddab66b36b57030721e0a44a3218e9e1181d7b59f121ca"
url = "https://dl.google.com/go/go1.26.7.linux-amd64.tar.gz"

[tools.go."platforms.linux-x64-musl"]
checksum = "sha256:ffb5f8de10c62550dfddab66b36b57030721e0a44a3218e9e1181d7b59f121ca"
url = "https://dl.google.com/go/go1.26.7.linux-amd64.tar.gz"

[tools.go."platforms.macos-arm64"]
checksum = "sha256:020a1e8224811be75163e920bc77e0926a1390a6aeea19bdcf23f74b9d749f6d"
url = "https://dl.google.com/go/go1.26.7.darwin-arm64.tar.gz"

[tools.go."platforms.macos-x64"]
checksum = "sha256:92e8b34bff3c89ab16404c595669ac8cb004cc2f676dcbd1f5b87a6b8def3b47"
url = "https://dl.google.com/go/go1.26.7.darwin-amd64.tar.gz"

[tools.go."platforms.windows-x64"]
checksum = "sha256:f4f534a486e4bc3387fa18f08208f2f854b7aaea8a08f2a2d829a914a05abb11"
url = "https://dl.google.com/go/go1.26.7.windows-amd64.zip"

[[tools.helm]]
version = "3.19.5"
backend = "aqua:helm/helm"
specifiers = ["3.19"]

[tools.helm."platforms.linux-arm64"]
checksum = "sha256:ce02147ffee6d993bf8ae97a44a22e9e1daf0b69d2d5b69a0c8cf6706445ccf5"
url = "https://get.helm.sh/helm-v3.19.5-linux-arm64.tar.gz"

[tools.helm."platforms.linux-arm64-musl"]
checksum = "sha256:ce02147ffee6d993bf8ae97a44a22e9e1daf0b69d2d5b69a0c8cf6706445ccf5"
url = "https://get.helm.sh/helm-v3.19.5-linux-arm64.tar.gz"

[tools.helm."platforms.linux-x64"]
checksum = "sha256:a0a5e8c592ed3f376ac110715eff214730c7422f9a44d96cf98117d2b8b0e6c0"
url = "https://get.helm.sh/helm-v3.19.5-linux-amd64.tar.gz"

[tools.helm."platforms.linux-x64-musl"]
checksum = "sha256:a0a5e8c592ed3f376ac110715eff214730c7422f9a44d96cf98117d2b8b0e6c0"
url = "https://get.helm.sh/helm-v3.19.5-linux-amd64.tar.gz"

[tools.helm."platforms.macos-arm64"]
checksum = "sha256:195e24e587f423f15a78feebab04583ceee68323598575a0e8b3b11b43fd26fe"
url = "https://get.helm.sh/helm-v3.19.5-darwin-arm64.tar.gz"

[tools.helm."platforms.macos-x64"]
checksum = "sha256:57f4a847c349382b7cc742a6434ef25f88f0928a113d8cf49084b464878ef0b9"
url = "https://get.helm.sh/helm-v3.19.5-darwin-amd64.tar.gz"

[tools.helm."platforms.windows-x64"]
checksum = "sha256:fee9632f0503debf0153f99e832b4dcb7c862c78b2f809e73eea0095d91ea51c"
url = "https://get.helm.sh/helm-v3.19.5-windows-amd64.tar.gz"

[[tools.kind]]
version = "0.31.0"
backend = "aqua:kubernetes-sigs/kind"
specifiers = ["0.31"]

[tools.kind."platforms.linux-arm64"]
checksum = "sha256:8e1014e87c34901cc422a1445866835d1e666f2a61301c27e722bdeab5a1f7e4"
url = "https://github.com/kubernetes-sigs/kind/releases/download/v0.31.0/kind-linux-arm64"
url_api = "https://api.github.com/repos/kubernetes-sigs/kind/releases/assets/330009872"

[tools.kind."platforms.linux-arm64-musl"]
checksum = "sha256:8e1014e87c34901cc422a1445866835d1e666f2a61301c27e722bdeab5a1f7e4"
url = "https://github.com/kubernetes-sigs/kind/releases/download/v0.31.0/kind-linux-arm64"
url_api = "https://api.github.com/repos/kubernetes-sigs/kind/releases/assets/330009872"

[tools.kind."platforms.linux-x64"]
checksum = "sha256:eb244cbafcc157dff60cf68693c14c9a75c4e6e6fedaf9cd71c58117cb93e3fa"
url = "https://github.com/kubernetes-sigs/kind/releases/download/v0.31.0/kind-linux-amd64"
url_api = "https://api.github.com/repos/kubernetes-sigs/kind/releases/assets/330009836"

[tools.kind."platforms.linux-x64-musl"]
checksum = "sha256:eb244cbafcc157dff60cf68693c14c9a75c4e6e6fedaf9cd71c58117cb93e3fa"
url = "https://github.com/kubernetes-sigs/kind/releases/download/v0.31.0/kind-linux-amd64"
url_api = "https://api.github.com/repos/kubernetes-sigs/kind/releases/assets/330009836"

[tools.kind."platforms.macos-arm64"]
checksum = "sha256:88bf554fe9da6311c9f8c2d082613c002911a476f6b5090e9420b35d84e70c5c"
url = "https://github.com/kubernetes-sigs/kind/releases/download/v0.31.0/kind-darwin-arm64"
url_api = "https://api.github.com/repos/kubernetes-sigs/kind/releases/assets/330009824"

[tools.kind."platforms.macos-x64"]
checksum = "sha256:a8b3cf77b2ad77aec5bf710d1a2589d9117576132af812885cad41e9dede4d4e"
url = "https://github.com/kubernetes-sigs/kind/releases/download/v0.31.0/kind-darwin-amd64"
url_api = "https://api.github.com/repos/kubernetes-sigs/kind/releases/assets/330009808"

[tools.kind."platforms.windows-x64"]
checksum = "sha256:2c3a9ff954de16244380778683cf99e271bfc2fac9c6c4e797e4623c45e59d9d"
url = "https://github.com/kubernetes-sigs/kind/releases/download/v0.31.0/kind-windows-amd64"
url_api = "https://api.github.com/repos/kubernetes-sigs/kind/releases/assets/330009913"

[[tools.kubeconform]]
version = "0.8.0"
backend = "aqua:yannh/kubeconform"
specifiers = ["0.8"]

[tools.kubeconform."platforms.linux-arm64"]
checksum = "sha256:1f53fc8e81258197a35e8603054162a5af1de8c5af13746c71ab680d9534ed87"
url = "https://github.com/yannh/kubeconform/releases/download/v0.8.0/kubeconform-linux-arm64.tar.gz"
url_api = "https://api.github.com/repos/yannh/kubeconform/releases/assets/438612685"

[tools.kubeconform."platforms.linux-arm64-musl"]
checksum = "sha256:1f53fc8e81258197a35e8603054162a5af1de8c5af13746c71ab680d9534ed87"
url = "https://github.com/yannh/kubeconform/releases/download/v0.8.0/kubeconform-linux-arm64.tar.gz"
url_api = "https://api.github.com/repos/yannh/kubeconform/releases/assets/438612685"

[tools.kubeconform."platforms.linux-x64"]
checksum = "sha256:9bc2bffbf71f261128533edaf912153948b7ff238f9a531ae6d34466ec287883"
url = "https://github.com/yannh/kubeconform/releases/download/v0.8.0/kubeconform-linux-amd64.tar.gz"
url_api = "https://api.github.com/repos/yannh/kubeconform/releases/assets/438612666"

[tools.kubeconform."platforms.linux-x64-musl"]
checksum = "sha256:9bc2bffbf71f261128533edaf912153948b7ff238f9a531ae6d34466ec287883"
url = "https://github.com/yannh/kubeconform/releases/download/v0.8.0/kubeconform-linux-amd64.tar.gz"
url_api = "https://api.github.com/repos/yannh/kubeconform/releases/assets/438612666"

[tools.kubeconform."platforms.macos-arm64"]
checksum = "sha256:f84f4dfbebf4a6b0b230385fa065a39ea35e02608c2b50d025dcf64775a69d67"
url = "https://github.com/yannh/kubeconform/releases/download/v0.8.0/kubeconform-darwin-arm64.tar.gz"
url_api = "https://api.github.com/repos/yannh/kubeconform/releases/assets/438612680"

[tools.kubeconform."platforms.macos-x64"]
checksum = "sha256:71dbc87ac9f24099a62b93570e65aa06312ba6ac8aea63b7f86e9d999edf5a92"
url = "https://github.com/yannh/kubeconform/releases/download/v0.8.0/kubeconform-darwin-amd64.tar.gz"
url_api = "https://api.github.com/repos/yannh/kubeconform/releases/assets/438612679"

[tools.kubeconform."platforms.windows-x64"]
checksum = "sha256:e3f56102bcf4f50b034a567e2482a1c5330799983ddd655952310211aef73d93"
url = "https://github.com/yannh/kubeconform/releases/download/v0.8.0/kubeconform-windows-amd64.zip"
url_api = "https://api.github.com/repos/yannh/kubeconform/releases/assets/438612665"

[[tools.kubectl]]
version = "1.32.13"
backend = "aqua:kubernetes/kubernetes/kubectl"
specifiers = ["1.32"]

[tools.kubectl."platforms.linux-arm64"]
checksum = "sha256:b1f87f196633a89208546d79bfa4e2470bda70e7bf42c4d3adb008ec208da9d1"
url = "https://dl.k8s.io/v1.32.13/bin/linux/arm64/kubectl"

[tools.kubectl."platforms.linux-arm64-musl"]
checksum = "sha256:b1f87f196633a89208546d79bfa4e2470bda70e7bf42c4d3adb008ec208da9d1"
url = "https://dl.k8s.io/v1.32.13/bin/linux/arm64/kubectl"

[tools.kubectl."platforms.linux-x64"]
checksum = "sha256:db2ae479a63f3665d7f704ab18c0d4d4050144237980763221835b7305703c4c"
url = "https://dl.k8s.io/v1.32.13/bin/linux/amd64/kubectl"

[tools.kubectl."platforms.linux-x64-musl"]
checksum = "sha256:db2ae479a63f3665d7f704ab18c0d4d4050144237980763221835b7305703c4c"
url = "https://dl.k8s.io/v1.32.13/bin/linux/amd64/kubectl"

[tools.kubectl."platforms.macos-arm64"]
checksum = "sha256:97c78912825a83e91c67fdae588a5a26dec53d58370210c78612dec04a71fc21"
url = "https://dl.k8s.io/v1.32.13/bin/darwin/arm64/kubectl"

[tools.kubectl."platforms.macos-x64"]
checksum = "sha256:925e89bdf7e30d9a356625b3b368b93261300cdee6c053935eb50ed9e657e769"
url = "https://dl.k8s.io/v1.32.13/bin/darwin/amd64/kubectl"

[tools.kubectl."platforms.windows-x64"]
checksum = "sha256:3dbef017631b5052a2f2f17246295afd137925687f5bf9c4cb7ca90ff45e4b37"
url = "https://dl.k8s.io/v1.32.13/bin/windows/amd64/kubectl.exe"

[[tools.python]]
version = "3.13.15"
backend = "core:python"
specifiers = ["3.13"]

[tools.python."platforms.linux-arm64"]
checksum = "sha256:e5d0df1a6070a8614d808496e5ea28c727480e40ffcce1a94697a067f1690aa8"
url = "https://github.com/astral-sh/python-build-standalone/releases/download/20260825/cpython-3.13.15+20260825-aarch64-unknown-linux-gnu-install_only_stripped.tar.gz"
provenance = "github-attestations"

[tools.python."platforms.linux-arm64-musl"]
checksum = "sha256:37289ba3f47bbd35539b96589f4d406a0657940e78298c66970dd71ec78dfb68"
url = "https://github.com/astral-sh/python-build-standalone/releases/download/20260825/cpython-3.13.15+20260825-aarch64-unknown-linux-musl-install_only_stripped.tar.gz"
provenance = "github-attestations"

[tools.python."platforms.linux-x64"]
checksum = "sha256:8af9a8214c71b2dd698005e39fab87aad02a994330508857da4e6d1ba7e6ddb6"
url = "https://github.com/astral-sh/python-build-standalone/releases/download/20260825/cpython-3.13.15+20260825-x86_64-unknown-linux-gnu-install_only_stripped.tar.gz"
provenance = "github-attestations"

[tools.python."platforms.linux-x64-musl"]
checksum = "sha256:14bf916d2c941cfaf88bb4457e966ed642dacb19d0ddae7f3a2c66cdc6b63354"
url = "https://github.com/astral-sh/python-build-standalone/releases/download/20260825/cpython-3.13.15+20260825-x86_64-unknown-linux-musl-install_only_stripped.tar.gz"
provenance = "github-attestations"

[tools.python."platforms.macos-arm64"]
checksum = "sha256:149038dd0c194c25d4616d7e42a35f67f2edee96412788f74115819b6a4c8548"
url = "https://github.com/astral-sh/python-build-standalone/releases/download/20260825/cpython-3.13.15+20260825-aarch64-apple-darwin-install_only_stripped.tar.gz"
provenance = "github-attestations"

[tools.python."platforms.macos-x64"]
checksum = "sha256:d33d61f7f4982c94216e14a43599c75657b7d0839277fc72bc6dbac53e8229bc"
url = "https://github.com/astral-sh/python-build-standalone/releases/download/20260825/cpython-3.13.15+20260825-x86_64-apple-darwin-install_only_stripped.tar.gz"
provenance = "github-attestations"

[tools.python."platforms.windows-x64"]
checksum = "sha256:c1dc1e267f2a81493ce6e94837263f648f1eb6d0df73a1492469c1fed025ce8f"
url = "https://github.com/astral-sh/python-build-standalone/releases/download/20260825/cpython-3.13.15+20260825-x86_64-pc-windows-msvc-install_only_stripped.tar.gz"
provenance = "github-attestations"

[[tools.taplo]]
version = "0.10.0"
backend = "aqua:tamasfe/taplo"
specifiers = ["0.10"]

[tools.taplo."platforms.linux-arm64"]
checksum = "sha256:033681d01eec8376c3fd38fa3703c79316f5e14bb013d859943b60a07bccdcc3"
url = "https://github.com/tamasfe/taplo/releases/download/0.10.0/taplo-linux-aarch64.gz"
url_api = "https://api.github.com/repos/tamasfe/taplo/releases/assets/257322597"

[tools.taplo."platforms.linux-arm64-musl"]
checksum = "sha256:033681d01eec8376c3fd38fa3703c79316f5e14bb013d859943b60a07bccdcc3"
url = "https://github.com/tamasfe/taplo/releases/download/0.10.0/taplo-linux-aarch64.gz"
url_api = "https://api.github.com/repos/tamasfe/taplo/releases/assets/257322597"

[tools.taplo."platforms.linux-x64"]
checksum = "sha256:8fe196b894ccf9072f98d4e1013a180306e17d244830b03986ee5e8eabeb6156"
url = "https://github.com/tamasfe/taplo/releases/download/0.10.0/taplo-linux-x86_64.gz"
url_api = "https://api.github.com/repos/tamasfe/taplo/releases/assets/257322600"

[tools.taplo."platforms.linux-x64-musl"]
checksum = "sha256:8fe196b894ccf9072f98d4e1013a180306e17d244830b03986ee5e8eabeb6156"
url = "https://github.com/tamasfe/taplo/releases/download/0.10.0/taplo-linux-x86_64.gz"
url_api = "https://api.github.com/repos/tamasfe/taplo/releases/assets/257322600"

[tools.taplo."platforms.macos-arm64"]
checksum = "sha256:713734314c3e71894b9e77513c5349835eefbd52908445a0d73b0c7dc469347d"
url = "https://github.com/tamasfe/taplo/releases/download/0.10.0/taplo-darwin-aarch64.gz"
url_api = "https://api.github.com/repos/tamasfe/taplo/releases/assets/257323110"

[tools.taplo."platforms.macos-x64"]
checksum = "sha256:898122cde3a0b1cd1cbc2d52d3624f23338218c91b5ddb71518236a4c2c10ef2"
url = "https://github.com/tamasfe/taplo/releases/download/0.10.0/taplo-darwin-x86_64.gz"
url_api = "https://api.github.com/repos/tamasfe/taplo/releases/assets/257323116"

[tools.taplo."platforms.windows-x64"]
checksum = "sha256:1615eed140039bd58e7089109883b1c434de5d6de8f64a993e6e8c80ca57bdf9"
url = "https://github.com/tamasfe/taplo/releases/download/0.10.0/taplo-windows-x86_64.zip"
url_api = "https://api.github.com/repos/tamasfe/taplo/releases/assets/257323062"

[[tools.tokei]]
version = "14.0.0"
backend = "cargo:tokei"
specifiers = ["14.0"]

[[tools.uv]]
version = "0.12.7"
backend = "aqua:astral-sh/uv"
specifiers = ["0.12"]

[tools.uv."platforms.linux-arm64"]
checksum = "sha256:66393193038dd7eb108abd7a218d9cec04ac70ab98242b0720fa94de19223b7c"
url = "https://github.com/astral-sh/uv/releases/download/0.12.7/uv-aarch64-unknown-linux-gnu.tar.gz"
url_api = "https://api.github.com/repos/astral-sh/uv/releases/assets/532935189"
provenance = "github-attestations"

[tools.uv."platforms.linux-arm64-musl"]
checksum = "sha256:6dcf60e3c085de88ace3671b949ca99f0652be561ff5627f0d21394140f041db"
url = "https://github.com/astral-sh/uv/releases/download/0.12.7/uv-aarch64-unknown-linux-musl.tar.gz"
url_api = "https://api.github.com/repos/astral-sh/uv/releases/assets/532935192"
provenance = "github-attestations"

[tools.uv."platforms.linux-x64"]
checksum = "sha256:788f18abea7c5f55d6216e4f5613fd89d4d59b631efeec117b2b07fe72f1da21"
url = "https://github.com/astral-sh/uv/releases/download/0.12.7/uv-x86_64-unknown-linux-gnu.tar.gz"
url_api = "https://api.github.com/repos/astral-sh/uv/releases/assets/532935280"
provenance = "github-attestations"

[tools.uv."platforms.linux-x64-musl"]
checksum = "sha256:3d64d44ed67da7908dc7f5c4d64ebb44bad326fa17f8a0a52fc9a7793017bbe1"
url = "https://github.com/astral-sh/uv/releases/download/0.12.7/uv-x86_64-unknown-linux-musl.tar.gz"
url_api = "https://api.github.com/repos/astral-sh/uv/releases/assets/532935287"
provenance = "github-attestations"

[tools.uv."platforms.macos-arm64"]
checksum = "sha256:127ebdda7ad953cdf198e964b570ea5771b85467ea93eb7cb6d6f8e6f55408f3"
url = "https://github.com/astral-sh/uv/releases/download/0.12.7/uv-aarch64-apple-darwin.tar.gz"
url_api = "https://api.github.com/repos/astral-sh/uv/releases/assets/532935178"
provenance = "github-attestations"

[tools.uv."platforms.macos-x64"]
checksum = "sha256:06b8ae1da8c2661c5434507a66f8c2b0b835933bf955b5958a9ac357a37d1959"
url = "https://github.com/astral-sh/uv/releases/download/0.12.7/uv-x86_64-apple-darwin.tar.gz"
url_api = "https://api.github.com/repos/astral-sh/uv/releases/assets/532935264"
provenance = "github-attestations"

[tools.uv."platforms.windows-x64"]
checksum = "sha256:bf1518af459a3915511a11fdc6e2f43ef9a2afa138b9d498eeb9642fe9d85218"
url = "https://github.com/astral-sh/uv/releases/download/0.12.7/uv-x86_64-pc-windows-msvc.zip"
url_api = "https://api.github.com/repos/astral-sh/uv/releases/assets/532935273"
provenance = "github-attestations"
